
Microsoft Visual Studio Solution File, Format Version 12.00
# Visual Studio 15
VisualStudioVersion = 15.0.28307.1622
MinimumVisualStudioVersion = 10.0.40219.1
Project("{8BC9CEB8-8B4A-11D0-8D11-00A0C91BC942}") = "TP 3 exo 1 Tableau", "TP 3 exo 1 Tableau\TP 3 exo 1 Tableau.vcxproj", "{626D4C8B-3813-4699-8B4B-85C5D9D507A0}"
EndProject
Global
	GlobalSection(SolutionConfigurationPlatforms) = preSolution
		Debug|x64 = Debug|x64
		Debug|x86 = Debug|x86
		Release|x64 = Release|x64
		Release|x86 = Release|x86
	EndGlobalSection
	GlobalSection(ProjectConfigurationPlatforms) = postSolution
		{626D4C8B-3813-4699-8B4B-85C5D9D507A0}.Debug|x64.ActiveCfg = Debug|x64
		{626D4C8B-3813-4699-8B4B-85C5D9D507A0}.Debug|x64.Build.0 = Debug|x64
		{626D4C8B-3813-4699-8B4B-85C5D9D507A0}.Debug|x86.ActiveCfg = Debug|Win32
		{626D4C8B-3813-4699-8B4B-85C5D9D507A0}.Debug|x86.Build.0 = Debug|Win32
		{626D4C8B-3813-4699-8B4B-85C5D9D507A0}.Release|x64.ActiveCfg = Release|x64
		{626D4C8B-3813-4699-8B4B-85C5D9D507A0}.Release|x64.Build.0 = Release|x64
		{626D4C8B-3813-4699-8B4B-85C5D9D507A0}.Release|x86.ActiveCfg = Release|Win32
		{626D4C8B-3813-4699-8B4B-85C5D9D507A0}.Release|x86.Build.0 = Release|Win32
	EndGlobalSection
	GlobalSection(SolutionProperties) = preSolution
		HideSolutionNode = FALSE
	EndGlobalSection
	GlobalSection(ExtensibilityGlobals) = postSolution
		SolutionGuid = {C752FD2C-9533-4B0C-8789-EBADB96BD7E6}
	EndGlobalSection
EndGlobal
