
Microsoft Visual Studio Solution File, Format Version 12.00
# Visual Studio 15
VisualStudioVersion = 15.0.28307.1622
MinimumVisualStudioVersion = 10.0.40219.1
Project("{8BC9CEB8-8B4A-11D0-8D11-00A0C91BC942}") = "TP3 Exo 2 Tableau", "TP3 Exo 2 Tableau\TP3 Exo 2 Tableau.vcxproj", "{49FCB8CF-B4D7-40AC-8125-44DC389169ED}"
EndProject
Global
	GlobalSection(SolutionConfigurationPlatforms) = preSolution
		Debug|x64 = Debug|x64
		Debug|x86 = Debug|x86
		Release|x64 = Release|x64
		Release|x86 = Release|x86
	EndGlobalSection
	GlobalSection(ProjectConfigurationPlatforms) = postSolution
		{49FCB8CF-B4D7-40AC-8125-44DC389169ED}.Debug|x64.ActiveCfg = Debug|x64
		{49FCB8CF-B4D7-40AC-8125-44DC389169ED}.Debug|x64.Build.0 = Debug|x64
		{49FCB8CF-B4D7-40AC-8125-44DC389169ED}.Debug|x86.ActiveCfg = Debug|Win32
		{49FCB8CF-B4D7-40AC-8125-44DC389169ED}.Debug|x86.Build.0 = Debug|Win32
		{49FCB8CF-B4D7-40AC-8125-44DC389169ED}.Release|x64.ActiveCfg = Release|x64
		{49FCB8CF-B4D7-40AC-8125-44DC389169ED}.Release|x64.Build.0 = Release|x64
		{49FCB8CF-B4D7-40AC-8125-44DC389169ED}.Release|x86.ActiveCfg = Release|Win32
		{49FCB8CF-B4D7-40AC-8125-44DC389169ED}.Release|x86.Build.0 = Release|Win32
	EndGlobalSection
	GlobalSection(SolutionProperties) = preSolution
		HideSolutionNode = FALSE
	EndGlobalSection
	GlobalSection(ExtensibilityGlobals) = postSolution
		SolutionGuid = {224D74E6-B885-4729-AEBB-14C9749CE6C2}
	EndGlobalSection
EndGlobal
